
Microsoft Visual Studio Solution File, Format Version 12.00
# Visual Studio Version 16
VisualStudioVersion = 16.0.29905.134
MinimumVisualStudioVersion = 10.0.40219.1
Project("{2150E333-8FDC-42A3-9474-1A3956D46DE8}") = "TipCalculator", "TipCalculator", "{FF9724C9-2942-4586-84B4-75D3778FDD80}"
EndProject
Project("{FAE04EC0-301F-11D3-BF4B-00C04F79EFBC}") = "TipCalculator.Core", "TipCalculator.Core\TipCalculator.Core.csproj", "{3961F1F2-BC3D-4D9B-8662-42180DA0F4D6}"
EndProject
Project("{FAE04EC0-301F-11D3-BF4B-00C04F79EFBC}") = "TipCalculator.Android", "TipCalculator.Android\TipCalculator.Android.csproj", "{56F0CF33-4CFF-4F44-BDF7-E5CB3D1905AE}"
EndProject
Global
	GlobalSection(SolutionConfigurationPlatforms) = preSolution
		Debug|Any CPU = Debug|Any CPU
		Release|Any CPU = Release|Any CPU
	EndGlobalSection
	GlobalSection(ProjectConfigurationPlatforms) = postSolution
		{3961F1F2-BC3D-4D9B-8662-42180DA0F4D6}.Debug|Any CPU.ActiveCfg = Debug|Any CPU
		{3961F1F2-BC3D-4D9B-8662-42180DA0F4D6}.Debug|Any CPU.Build.0 = Debug|Any CPU
		{3961F1F2-BC3D-4D9B-8662-42180DA0F4D6}.Release|Any CPU.ActiveCfg = Release|Any CPU
		{3961F1F2-BC3D-4D9B-8662-42180DA0F4D6}.Release|Any CPU.Build.0 = Release|Any CPU
		{56F0CF33-4CFF-4F44-BDF7-E5CB3D1905AE}.Debug|Any CPU.ActiveCfg = Debug|Any CPU
		{56F0CF33-4CFF-4F44-BDF7-E5CB3D1905AE}.Debug|Any CPU.Build.0 = Debug|Any CPU
		{56F0CF33-4CFF-4F44-BDF7-E5CB3D1905AE}.Debug|Any CPU.Deploy.0 = Debug|Any CPU
		{56F0CF33-4CFF-4F44-BDF7-E5CB3D1905AE}.Release|Any CPU.ActiveCfg = Release|Any CPU
		{56F0CF33-4CFF-4F44-BDF7-E5CB3D1905AE}.Release|Any CPU.Build.0 = Release|Any CPU
		{56F0CF33-4CFF-4F44-BDF7-E5CB3D1905AE}.Release|Any CPU.Deploy.0 = Release|Any CPU
	EndGlobalSection
	GlobalSection(SolutionProperties) = preSolution
		HideSolutionNode = FALSE
	EndGlobalSection
	GlobalSection(NestedProjects) = preSolution
		{3961F1F2-BC3D-4D9B-8662-42180DA0F4D6} = {FF9724C9-2942-4586-84B4-75D3778FDD80}
		{56F0CF33-4CFF-4F44-BDF7-E5CB3D1905AE} = {FF9724C9-2942-4586-84B4-75D3778FDD80}
	EndGlobalSection
	GlobalSection(ExtensibilityGlobals) = postSolution
		SolutionGuid = {6A10418C-EAA9-469B-A772-F6A66E376510}
	EndGlobalSection
EndGlobal
